
Microsoft Visual Studio Solution File, Format Version 12.00
# Visual Studio 15
VisualStudioVersion = 15.0.27703.2047
MinimumVisualStudioVersion = 10.0.40219.1
Project("{9A19103F-16F7-4668-BE54-9A1E7A4F7556}") = "AutomatikaUsers", "AutomatikaUsers\AutomatikaUsers.csproj", "{8B56F8C1-C2D5-4EEC-978F-5F3F3472912C}"
EndProject
Project("{FAE04EC0-301F-11D3-BF4B-00C04F79EFBC}") = "AutomatikaUsers.Model", "AutomatikaUsers.Model\AutomatikaUsers.Model.csproj", "{8EAA8F04-D5D3-4EB0-9199-374524C9E36D}"
EndProject
Global
	GlobalSection(SolutionConfigurationPlatforms) = preSolution
		Debug|Any CPU = Debug|Any CPU
		Release|Any CPU = Release|Any CPU
	EndGlobalSection
	GlobalSection(ProjectConfigurationPlatforms) = postSolution
		{8B56F8C1-C2D5-4EEC-978F-5F3F3472912C}.Debug|Any CPU.ActiveCfg = Debug|Any CPU
		{8B56F8C1-C2D5-4EEC-978F-5F3F3472912C}.Debug|Any CPU.Build.0 = Debug|Any CPU
		{8B56F8C1-C2D5-4EEC-978F-5F3F3472912C}.Release|Any CPU.ActiveCfg = Release|Any CPU
		{8B56F8C1-C2D5-4EEC-978F-5F3F3472912C}.Release|Any CPU.Build.0 = Release|Any CPU
		{8EAA8F04-D5D3-4EB0-9199-374524C9E36D}.Debug|Any CPU.ActiveCfg = Debug|Any CPU
		{8EAA8F04-D5D3-4EB0-9199-374524C9E36D}.Debug|Any CPU.Build.0 = Debug|Any CPU
		{8EAA8F04-D5D3-4EB0-9199-374524C9E36D}.Release|Any CPU.ActiveCfg = Release|Any CPU
		{8EAA8F04-D5D3-4EB0-9199-374524C9E36D}.Release|Any CPU.Build.0 = Release|Any CPU
	EndGlobalSection
	GlobalSection(SolutionProperties) = preSolution
		HideSolutionNode = FALSE
	EndGlobalSection
	GlobalSection(ExtensibilityGlobals) = postSolution
		SolutionGuid = {63D436D8-6FB7-463E-A671-D325120DE0ED}
	EndGlobalSection
EndGlobal
